
Microsoft Visual Studio Solution File, Format Version 12.00
# Visual Studio Version 17
VisualStudioVersion = 17.8.34322.80
MinimumVisualStudioVersion = 10.0.40219.1
Project("{FAE04EC0-301F-11D3-BF4B-00C04F79EFBC}") = "Patient-Follow-Up", "Patient-Follow-Up\Patient-Follow-Up.csproj", "{D50DC794-F1CB-4503-A702-7FC87577D396}"
EndProject
Global
	GlobalSection(SolutionConfigurationPlatforms) = preSolution
		Debug|Any CPU = Debug|Any CPU
		Release|Any CPU = Release|Any CPU
	EndGlobalSection
	GlobalSection(ProjectConfigurationPlatforms) = postSolution
		{D50DC794-F1CB-4503-A702-7FC87577D396}.Debug|Any CPU.ActiveCfg = Debug|Any CPU
		{D50DC794-F1CB-4503-A702-7FC87577D396}.Debug|Any CPU.Build.0 = Debug|Any CPU
		{D50DC794-F1CB-4503-A702-7FC87577D396}.Release|Any CPU.ActiveCfg = Release|Any CPU
		{D50DC794-F1CB-4503-A702-7FC87577D396}.Release|Any CPU.Build.0 = Release|Any CPU
	EndGlobalSection
	GlobalSection(SolutionProperties) = preSolution
		HideSolutionNode = FALSE
	EndGlobalSection
	GlobalSection(ExtensibilityGlobals) = postSolution
		SolutionGuid = {BAB5AB9D-00A1-4294-9D38-96127CC64343}
	EndGlobalSection
EndGlobal
